
Microsoft Visual Studio Solution File, Format Version 12.00
# Visual Studio Version 16
VisualStudioVersion = 16.0.31424.327
MinimumVisualStudioVersion = 10.0.40219.1
Project("{2150E333-8FDC-42A3-9474-1A3956D46DE8}") = "LabsCSarp.Lab5", "LabsCSarp.Lab5", "{4E9985A7-2379-44CC-8675-13B79C467B7B}"
EndProject
Project("{9A19103F-16F7-4668-BE54-9A1E7A4F7556}") = "LabsCharp.Lab4", "LabsCSharp.Lab4\LabsCharp.Lab4.csproj", "{017B4538-3A0A-43D3-BBD8-B1A8CB4E6CEF}"
EndProject
Project("{9A19103F-16F7-4668-BE54-9A1E7A4F7556}") = "LabsCSharp.Laba6", "LabsCSharp.Lab6\LabsCSharp.Laba6.csproj", "{59BDB949-7B68-4E73-9F6E-062B44D36BEF}"
EndProject
Project("{FAE04EC0-301F-11D3-BF4B-00C04F79EFBC}") = "BotRandomSnake", "LabsCSharp.Lab5\BotRandomSnake\BotRandomSnake.csproj", "{CDEE1132-BF6C-4CCB-AC09-C7A768B8686C}"
EndProject
Project("{FAE04EC0-301F-11D3-BF4B-00C04F79EFBC}") = "Launcher", "LabsCSharp.Lab5\Launcher\Launcher.csproj", "{C5CE001F-2595-4809-B651-D94D46FABCB1}"
EndProject
Project("{FAE04EC0-301F-11D3-BF4B-00C04F79EFBC}") = "OpenAI", "LabsCSharp.Lab5\OpenAI\OpenAI.csproj", "{987FC8EE-0ED6-4AD0-8321-991F5A357FF7}"
EndProject
Project("{FAE04EC0-301F-11D3-BF4B-00C04F79EFBC}") = "PluginInterface", "LabsCSharp.Lab5\PluginInterface\PluginInterface.csproj", "{45038EB6-B84A-4A15-A93B-B075F5AB9DD9}"
EndProject
Project("{FAE04EC0-301F-11D3-BF4B-00C04F79EFBC}") = "SnakeBattle", "LabsCSharp.Lab5\SnakeBattle\SnakeBattle.csproj", "{6873BAF7-6186-497C-8C82-C4C8EE49A74B}"
EndProject
Project("{FAE04EC0-301F-11D3-BF4B-00C04F79EFBC}") = "LabsCSharp.Laba3", "LabsCSharp.Lab3\LabsCSharp.Laba3.csproj", "{6FABD6BC-B581-44D6-81EB-DF7C09543A40}"
EndProject
Project("{9A19103F-16F7-4668-BE54-9A1E7A4F7556}") = "LabsCSharp.Lab2", "LabsCSharp.Lab2\LabsCSharp.Lab2.csproj", "{F23930AD-66C2-4765-B9E4-9C7365B60501}"
EndProject
Project("{9A19103F-16F7-4668-BE54-9A1E7A4F7556}") = "LabsCSharp.Lab1", "LabsCSharp.Lab1\LabsCSharp.Lab1.csproj", "{57353486-E85F-43D1-B76E-16DD18F32613}"
EndProject
Global
	GlobalSection(SolutionConfigurationPlatforms) = preSolution
		Debug|Any CPU = Debug|Any CPU
		Release|Any CPU = Release|Any CPU
	EndGlobalSection
	GlobalSection(ProjectConfigurationPlatforms) = postSolution
		{017B4538-3A0A-43D3-BBD8-B1A8CB4E6CEF}.Debug|Any CPU.ActiveCfg = Debug|Any CPU
		{017B4538-3A0A-43D3-BBD8-B1A8CB4E6CEF}.Debug|Any CPU.Build.0 = Debug|Any CPU
		{017B4538-3A0A-43D3-BBD8-B1A8CB4E6CEF}.Release|Any CPU.ActiveCfg = Release|Any CPU
		{017B4538-3A0A-43D3-BBD8-B1A8CB4E6CEF}.Release|Any CPU.Build.0 = Release|Any CPU
		{59BDB949-7B68-4E73-9F6E-062B44D36BEF}.Debug|Any CPU.ActiveCfg = Debug|Any CPU
		{59BDB949-7B68-4E73-9F6E-062B44D36BEF}.Debug|Any CPU.Build.0 = Debug|Any CPU
		{59BDB949-7B68-4E73-9F6E-062B44D36BEF}.Release|Any CPU.ActiveCfg = Release|Any CPU
		{59BDB949-7B68-4E73-9F6E-062B44D36BEF}.Release|Any CPU.Build.0 = Release|Any CPU
		{CDEE1132-BF6C-4CCB-AC09-C7A768B8686C}.Debug|Any CPU.ActiveCfg = Debug|Any CPU
		{CDEE1132-BF6C-4CCB-AC09-C7A768B8686C}.Debug|Any CPU.Build.0 = Debug|Any CPU
		{CDEE1132-BF6C-4CCB-AC09-C7A768B8686C}.Release|Any CPU.ActiveCfg = Release|Any CPU
		{CDEE1132-BF6C-4CCB-AC09-C7A768B8686C}.Release|Any CPU.Build.0 = Release|Any CPU
		{C5CE001F-2595-4809-B651-D94D46FABCB1}.Debug|Any CPU.ActiveCfg = Debug|Any CPU
		{C5CE001F-2595-4809-B651-D94D46FABCB1}.Debug|Any CPU.Build.0 = Debug|Any CPU
		{C5CE001F-2595-4809-B651-D94D46FABCB1}.Release|Any CPU.ActiveCfg = Release|Any CPU
		{C5CE001F-2595-4809-B651-D94D46FABCB1}.Release|Any CPU.Build.0 = Release|Any CPU
		{987FC8EE-0ED6-4AD0-8321-991F5A357FF7}.Debug|Any CPU.ActiveCfg = Debug|Any CPU
		{987FC8EE-0ED6-4AD0-8321-991F5A357FF7}.Debug|Any CPU.Build.0 = Debug|Any CPU
		{987FC8EE-0ED6-4AD0-8321-991F5A357FF7}.Release|Any CPU.ActiveCfg = Release|Any CPU
		{987FC8EE-0ED6-4AD0-8321-991F5A357FF7}.Release|Any CPU.Build.0 = Release|Any CPU
		{45038EB6-B84A-4A15-A93B-B075F5AB9DD9}.Debug|Any CPU.ActiveCfg = Debug|Any CPU
		{45038EB6-B84A-4A15-A93B-B075F5AB9DD9}.Debug|Any CPU.Build.0 = Debug|Any CPU
		{45038EB6-B84A-4A15-A93B-B075F5AB9DD9}.Release|Any CPU.ActiveCfg = Release|Any CPU
		{45038EB6-B84A-4A15-A93B-B075F5AB9DD9}.Release|Any CPU.Build.0 = Release|Any CPU
		{6873BAF7-6186-497C-8C82-C4C8EE49A74B}.Debug|Any CPU.ActiveCfg = Debug|Any CPU
		{6873BAF7-6186-497C-8C82-C4C8EE49A74B}.Debug|Any CPU.Build.0 = Debug|Any CPU
		{6873BAF7-6186-497C-8C82-C4C8EE49A74B}.Release|Any CPU.ActiveCfg = Release|Any CPU
		{6873BAF7-6186-497C-8C82-C4C8EE49A74B}.Release|Any CPU.Build.0 = Release|Any CPU
		{6FABD6BC-B581-44D6-81EB-DF7C09543A40}.Debug|Any CPU.ActiveCfg = Debug|Any CPU
		{6FABD6BC-B581-44D6-81EB-DF7C09543A40}.Debug|Any CPU.Build.0 = Debug|Any CPU
		{6FABD6BC-B581-44D6-81EB-DF7C09543A40}.Release|Any CPU.ActiveCfg = Release|Any CPU
		{6FABD6BC-B581-44D6-81EB-DF7C09543A40}.Release|Any CPU.Build.0 = Release|Any CPU
		{F23930AD-66C2-4765-B9E4-9C7365B60501}.Debug|Any CPU.ActiveCfg = Debug|Any CPU
		{F23930AD-66C2-4765-B9E4-9C7365B60501}.Debug|Any CPU.Build.0 = Debug|Any CPU
		{F23930AD-66C2-4765-B9E4-9C7365B60501}.Release|Any CPU.ActiveCfg = Release|Any CPU
		{F23930AD-66C2-4765-B9E4-9C7365B60501}.Release|Any CPU.Build.0 = Release|Any CPU
		{57353486-E85F-43D1-B76E-16DD18F32613}.Debug|Any CPU.ActiveCfg = Debug|Any CPU
		{57353486-E85F-43D1-B76E-16DD18F32613}.Debug|Any CPU.Build.0 = Debug|Any CPU
		{57353486-E85F-43D1-B76E-16DD18F32613}.Release|Any CPU.ActiveCfg = Release|Any CPU
		{57353486-E85F-43D1-B76E-16DD18F32613}.Release|Any CPU.Build.0 = Release|Any CPU
	EndGlobalSection
	GlobalSection(SolutionProperties) = preSolution
		HideSolutionNode = FALSE
	EndGlobalSection
	GlobalSection(NestedProjects) = preSolution
		{CDEE1132-BF6C-4CCB-AC09-C7A768B8686C} = {4E9985A7-2379-44CC-8675-13B79C467B7B}
		{C5CE001F-2595-4809-B651-D94D46FABCB1} = {4E9985A7-2379-44CC-8675-13B79C467B7B}
		{987FC8EE-0ED6-4AD0-8321-991F5A357FF7} = {4E9985A7-2379-44CC-8675-13B79C467B7B}
		{45038EB6-B84A-4A15-A93B-B075F5AB9DD9} = {4E9985A7-2379-44CC-8675-13B79C467B7B}
		{6873BAF7-6186-497C-8C82-C4C8EE49A74B} = {4E9985A7-2379-44CC-8675-13B79C467B7B}
	EndGlobalSection
	GlobalSection(ExtensibilityGlobals) = postSolution
		SolutionGuid = {35079396-7C6F-4BC4-A40D-D8E0C5B0D4AB}
	EndGlobalSection
EndGlobal
